
Microsoft Visual Studio Solution File, Format Version 12.00
# Visual Studio Express 2012 for Windows Desktop
Project("{FAE04EC0-301F-11D3-BF4B-00C04F79EFBC}") = "Jibbr", "Jibbr\Jibbr.csproj", "{90CF2222-4723-4711-BB90-F504EFA1B488}"
EndProject
Project("{2150E333-8FDC-42A3-9474-1A3956D46DE8}") = ".nuget", ".nuget", "{9D7E6A86-0955-4915-B1F0-EB2BF852B6B7}"
	ProjectSection(SolutionItems) = preProject
		.nuget\packages.config = .nuget\packages.config
	EndProjectSection
EndProject
Global
	GlobalSection(SolutionConfigurationPlatforms) = preSolution
		Debug|Any CPU = Debug|Any CPU
		Release|Any CPU = Release|Any CPU
	EndGlobalSection
	GlobalSection(ProjectConfigurationPlatforms) = postSolution
		{90CF2222-4723-4711-BB90-F504EFA1B488}.Debug|Any CPU.ActiveCfg = Debug|Any CPU
		{90CF2222-4723-4711-BB90-F504EFA1B488}.Debug|Any CPU.Build.0 = Debug|Any CPU
		{90CF2222-4723-4711-BB90-F504EFA1B488}.Release|Any CPU.ActiveCfg = Release|Any CPU
		{90CF2222-4723-4711-BB90-F504EFA1B488}.Release|Any CPU.Build.0 = Release|Any CPU
	EndGlobalSection
	GlobalSection(SolutionProperties) = preSolution
		HideSolutionNode = FALSE
	EndGlobalSection
EndGlobal
